// !$*UTF8*$!
{
	archiveVersion = 1;
	classes = {
	};
	objectVersion = 46;
	objects = {

/* Begin PBXFileReference section */
		5B1544E817E764C000FE1A7B /* .htaccess */ = {isa = PBXFileReference; lastKnownFileType = text; path = .htaccess; sourceTree = "<group>"; };
		5B1544EE17E764C000FE1A7B /* mortAndBro.jpg */ = {isa = PBXFileReference; lastKnownFileType = image.jpeg; path = mortAndBro.jpg; sourceTree = "<group>"; };
		5B1544F117E764C000FE1A7B /* index */ = {isa = PBXFileReference; lastKnownFileType = text; path = index; sourceTree = "<group>"; };
		5B1544F217E764C000FE1A7B /* meta.ini */ = {isa = PBXFileReference; lastKnownFileType = text; path = meta.ini; sourceTree = "<group>"; };
		5B1544F417E764C000FE1A7B /* index */ = {isa = PBXFileReference; lastKnownFileType = text; path = index; sourceTree = "<group>"; };
		5B1544F517E764C000FE1A7B /* meta.ini */ = {isa = PBXFileReference; lastKnownFileType = text; path = meta.ini; sourceTree = "<group>"; };
		5B1544F717E764C000FE1A7B /* index */ = {isa = PBXFileReference; lastKnownFileType = text; path = index; sourceTree = "<group>"; };
		5B1544F817E764C000FE1A7B /* meta.ini */ = {isa = PBXFileReference; lastKnownFileType = text; path = meta.ini; sourceTree = "<group>"; };
		5B1544FA17E764C000FE1A7B /* index */ = {isa = PBXFileReference; lastKnownFileType = text; path = index; sourceTree = "<group>"; };
		5B1544FB17E764C000FE1A7B /* meta.ini */ = {isa = PBXFileReference; lastKnownFileType = text; path = meta.ini; sourceTree = "<group>"; };
		5B15451817E764C000FE1A7B /* index.php */ = {isa = PBXFileReference; lastKnownFileType = text.script.php; path = index.php; sourceTree = "<group>"; };
		5B15451A17E764C000FE1A7B /* settings.ini */ = {isa = PBXFileReference; lastKnownFileType = text; path = settings.ini; sourceTree = "<group>"; };
		5B15451C17E764C000FE1A7B /* allposts.php */ = {isa = PBXFileReference; lastKnownFileType = text.script.php; path = allposts.php; sourceTree = "<group>"; };
		5B15451D17E764C000FE1A7B /* header.php */ = {isa = PBXFileReference; lastKnownFileType = text.script.php; path = header.php; sourceTree = "<group>"; };
		5B15451E17E764C000FE1A7B /* menu.php */ = {isa = PBXFileReference; lastKnownFileType = text.script.php; path = menu.php; sourceTree = "<group>"; };
		5B15452017E764C000FE1A7B /* subscribe.php */ = {isa = PBXFileReference; lastKnownFileType = text.script.php; path = subscribe.php; sourceTree = "<group>"; };
		5B15452117E764C000FE1A7B /* title.php */ = {isa = PBXFileReference; lastKnownFileType = text.script.php; path = title.php; sourceTree = "<group>"; };
		5B15452317E7654E00FE1A7B /* image.php */ = {isa = PBXFileReference; lastKnownFileType = text.script.php; path = image.php; sourceTree = "<group>"; };
		5B15452417E7B14500FE1A7B /* Eich.png */ = {isa = PBXFileReference; lastKnownFileType = image.png; path = Eich.png; sourceTree = "<group>"; };
		5B15452517E7C89600FE1A7B /* post.php */ = {isa = PBXFileReference; lastKnownFileType = text.script.php; path = post.php; sourceTree = "<group>"; };
		5B4DB06A17E8E71B00B52CD4 /* content.css */ = {isa = PBXFileReference; lastKnownFileType = text.css; path = content.css; sourceTree = "<group>"; };
		5B4DB06B17E8E71B00B52CD4 /* head.css */ = {isa = PBXFileReference; lastKnownFileType = text.css; path = head.css; sourceTree = "<group>"; };
		5B4DB06C17E8E71B00B52CD4 /* style.css */ = {isa = PBXFileReference; lastKnownFileType = text.css; path = style.css; sourceTree = "<group>"; };
		5B4DB06D17E8E7AC00B52CD4 /* comments.css */ = {isa = PBXFileReference; lastKnownFileType = text.css; path = comments.css; sourceTree = "<group>"; };
		5B4DB06E17E8E7E600B52CD4 /* comments.php */ = {isa = PBXFileReference; lastKnownFileType = text.script.php; path = comments.php; sourceTree = "<group>"; };
		5B4DB07817E9874800B52CD4 /* index */ = {isa = PBXFileReference; lastKnownFileType = text; path = index; sourceTree = "<group>"; };
		5B4DB07917E9874800B52CD4 /* meta.ini */ = {isa = PBXFileReference; lastKnownFileType = text; path = meta.ini; sourceTree = "<group>"; };
		5B4DB07B17E9874800B52CD4 /* index */ = {isa = PBXFileReference; lastKnownFileType = text; path = index; sourceTree = "<group>"; };
		5B4DB07C17E9874800B52CD4 /* meta.ini */ = {isa = PBXFileReference; lastKnownFileType = text; path = meta.ini; sourceTree = "<group>"; };
		5B4DB07E17E9874800B52CD4 /* index */ = {isa = PBXFileReference; lastKnownFileType = text; path = index; sourceTree = "<group>"; };
		5B4DB07F17E9874800B52CD4 /* meta.ini */ = {isa = PBXFileReference; lastKnownFileType = text; path = meta.ini; sourceTree = "<group>"; };
		5B4DB08117E9874800B52CD4 /* index */ = {isa = PBXFileReference; lastKnownFileType = text; path = index; sourceTree = "<group>"; };
		5B4DB08217E9874800B52CD4 /* meta.ini */ = {isa = PBXFileReference; lastKnownFileType = text; path = meta.ini; sourceTree = "<group>"; };
		5B4DB08417E9874800B52CD4 /* index */ = {isa = PBXFileReference; lastKnownFileType = text; path = index; sourceTree = "<group>"; };
		5B4DB08517E9874800B52CD4 /* meta.ini */ = {isa = PBXFileReference; lastKnownFileType = text; path = meta.ini; sourceTree = "<group>"; };
		5B4DB08717E9874800B52CD4 /* index */ = {isa = PBXFileReference; lastKnownFileType = text; path = index; sourceTree = "<group>"; };
		5B4DB08817E9874800B52CD4 /* meta.ini */ = {isa = PBXFileReference; lastKnownFileType = text; path = meta.ini; sourceTree = "<group>"; };
		5B4DB08A17E9874800B52CD4 /* index */ = {isa = PBXFileReference; lastKnownFileType = text; path = index; sourceTree = "<group>"; };
		5B4DB08B17E9874800B52CD4 /* meta.ini */ = {isa = PBXFileReference; lastKnownFileType = text; path = meta.ini; sourceTree = "<group>"; };
		5B4DB08D17E9874800B52CD4 /* index */ = {isa = PBXFileReference; lastKnownFileType = text; path = index; sourceTree = "<group>"; };
		5B4DB08E17E9874800B52CD4 /* meta.ini */ = {isa = PBXFileReference; lastKnownFileType = text; path = meta.ini; sourceTree = "<group>"; };
		5B4DB09017E9874800B52CD4 /* index */ = {isa = PBXFileReference; lastKnownFileType = text; path = index; sourceTree = "<group>"; };
		5B4DB09117E9874800B52CD4 /* meta.ini */ = {isa = PBXFileReference; lastKnownFileType = text; path = meta.ini; sourceTree = "<group>"; };
		5B5BD5FD17EA38AD005FD60B /* page.php */ = {isa = PBXFileReference; lastKnownFileType = text.script.php; path = page.php; sourceTree = "<group>"; };
/* End PBXFileReference section */

/* Begin PBXGroup section */
		5B1544EC17E764C000FE1A7B /* content */ = {
			isa = PBXGroup;
			children = (
				5B1544ED17E764C000FE1A7B /* media */,
				5B1544EF17E764C000FE1A7B /* pages */,
				5B4DB07617E9874800B52CD4 /* posts */,
			);
			path = content;
			sourceTree = "<group>";
		};
		5B1544ED17E764C000FE1A7B /* media */ = {
			isa = PBXGroup;
			children = (
				5B15452417E7B14500FE1A7B /* Eich.png */,
				5B1544EE17E764C000FE1A7B /* mortAndBro.jpg */,
			);
			path = media;
			sourceTree = "<group>";
		};
		5B1544EF17E764C000FE1A7B /* pages */ = {
			isa = PBXGroup;
			children = (
				5B1544F017E764C000FE1A7B /* About */,
				5B1544F317E764C000FE1A7B /* Home */,
				5B1544F617E764C000FE1A7B /* Projects */,
				5B1544F917E764C000FE1A7B /* Subscribe */,
			);
			path = pages;
			sourceTree = "<group>";
		};
		5B1544F017E764C000FE1A7B /* About */ = {
			isa = PBXGroup;
			children = (
				5B1544F117E764C000FE1A7B /* index */,
				5B1544F217E764C000FE1A7B /* meta.ini */,
			);
			path = About;
			sourceTree = "<group>";
		};
		5B1544F317E764C000FE1A7B /* Home */ = {
			isa = PBXGroup;
			children = (
				5B1544F417E764C000FE1A7B /* index */,
				5B1544F517E764C000FE1A7B /* meta.ini */,
			);
			path = Home;
			sourceTree = "<group>";
		};
		5B1544F617E764C000FE1A7B /* Projects */ = {
			isa = PBXGroup;
			children = (
				5B1544F717E764C000FE1A7B /* index */,
				5B1544F817E764C000FE1A7B /* meta.ini */,
			);
			path = Projects;
			sourceTree = "<group>";
		};
		5B1544F917E764C000FE1A7B /* Subscribe */ = {
			isa = PBXGroup;
			children = (
				5B1544FA17E764C000FE1A7B /* index */,
				5B1544FB17E764C000FE1A7B /* meta.ini */,
			);
			name = Subscribe;
			path = subscribe;
			sourceTree = "<group>";
		};
		5B15451B17E764C000FE1A7B /* show */ = {
			isa = PBXGroup;
			children = (
				5B15451C17E764C000FE1A7B /* allposts.php */,
				5B4DB06E17E8E7E600B52CD4 /* comments.php */,
				5B15451D17E764C000FE1A7B /* header.php */,
				5B15451E17E764C000FE1A7B /* menu.php */,
				5B15452017E764C000FE1A7B /* subscribe.php */,
				5B15452117E764C000FE1A7B /* title.php */,
				5B15452317E7654E00FE1A7B /* image.php */,
				5B15452517E7C89600FE1A7B /* post.php */,
				5B5BD5FD17EA38AD005FD60B /* page.php */,
			);
			path = show;
			sourceTree = "<group>";
		};
		5B4DB06917E8E71B00B52CD4 /* style */ = {
			isa = PBXGroup;
			children = (
				5B4DB06A17E8E71B00B52CD4 /* content.css */,
				5B4DB06D17E8E7AC00B52CD4 /* comments.css */,
				5B4DB06B17E8E71B00B52CD4 /* head.css */,
				5B4DB06C17E8E71B00B52CD4 /* style.css */,
			);
			path = style;
			sourceTree = "<group>";
		};
		5B4DB07617E9874800B52CD4 /* posts */ = {
			isa = PBXGroup;
			children = (
				5B4DB07717E9874800B52CD4 /* considered_harmful_essays_considered_harmful_essays_considered_harmful */,
				5B4DB07A17E9874800B52CD4 /* javascripts_rough_childhood */,
				5B4DB07D17E9874800B52CD4 /* my_worst_code */,
				5B4DB08017E9874800B52CD4 /* on_secure_stack_loaders_and_other_fancy_stuff */,
				5B4DB08317E9874800B52CD4 /* open_redstone_engineers_redstone_server */,
				5B4DB08617E9874800B52CD4 /* programming_culture_and_programming_languages */,
				5B4DB08917E9874800B52CD4 /* rant_about_youtube */,
				5B4DB08C17E9874800B52CD4 /* ridicule_my_new_game */,
				5B4DB08F17E9874800B52CD4 /* what_if_you_could_rewind_time_10_seconds */,
			);
			path = posts;
			sourceTree = "<group>";
		};
		5B4DB07717E9874800B52CD4 /* considered_harmful_essays_considered_harmful_essays_considered_harmful */ = {
			isa = PBXGroup;
			children = (
				5B4DB07817E9874800B52CD4 /* index */,
				5B4DB07917E9874800B52CD4 /* meta.ini */,
			);
			path = considered_harmful_essays_considered_harmful_essays_considered_harmful;
			sourceTree = "<group>";
		};
		5B4DB07A17E9874800B52CD4 /* javascripts_rough_childhood */ = {
			isa = PBXGroup;
			children = (
				5B4DB07B17E9874800B52CD4 /* index */,
				5B4DB07C17E9874800B52CD4 /* meta.ini */,
			);
			path = javascripts_rough_childhood;
			sourceTree = "<group>";
		};
		5B4DB07D17E9874800B52CD4 /* my_worst_code */ = {
			isa = PBXGroup;
			children = (
				5B4DB07E17E9874800B52CD4 /* index */,
				5B4DB07F17E9874800B52CD4 /* meta.ini */,
			);
			path = my_worst_code;
			sourceTree = "<group>";
		};
		5B4DB08017E9874800B52CD4 /* on_secure_stack_loaders_and_other_fancy_stuff */ = {
			isa = PBXGroup;
			children = (
				5B4DB08117E9874800B52CD4 /* index */,
				5B4DB08217E9874800B52CD4 /* meta.ini */,
			);
			path = on_secure_stack_loaders_and_other_fancy_stuff;
			sourceTree = "<group>";
		};
		5B4DB08317E9874800B52CD4 /* open_redstone_engineers_redstone_server */ = {
			isa = PBXGroup;
			children = (
				5B4DB08417E9874800B52CD4 /* index */,
				5B4DB08517E9874800B52CD4 /* meta.ini */,
			);
			path = open_redstone_engineers_redstone_server;
			sourceTree = "<group>";
		};
		5B4DB08617E9874800B52CD4 /* programming_culture_and_programming_languages */ = {
			isa = PBXGroup;
			children = (
				5B4DB08717E9874800B52CD4 /* index */,
				5B4DB08817E9874800B52CD4 /* meta.ini */,
			);
			path = programming_culture_and_programming_languages;
			sourceTree = "<group>";
		};
		5B4DB08917E9874800B52CD4 /* rant_about_youtube */ = {
			isa = PBXGroup;
			children = (
				5B4DB08A17E9874800B52CD4 /* index */,
				5B4DB08B17E9874800B52CD4 /* meta.ini */,
			);
			path = rant_about_youtube;
			sourceTree = "<group>";
		};
		5B4DB08C17E9874800B52CD4 /* ridicule_my_new_game */ = {
			isa = PBXGroup;
			children = (
				5B4DB08D17E9874800B52CD4 /* index */,
				5B4DB08E17E9874800B52CD4 /* meta.ini */,
			);
			path = ridicule_my_new_game;
			sourceTree = "<group>";
		};
		5B4DB08F17E9874800B52CD4 /* what_if_you_could_rewind_time_10_seconds */ = {
			isa = PBXGroup;
			children = (
				5B4DB09017E9874800B52CD4 /* index */,
				5B4DB09117E9874800B52CD4 /* meta.ini */,
			);
			path = what_if_you_could_rewind_time_10_seconds;
			sourceTree = "<group>";
		};
		5BB15B2717D7A04000F15291 = {
			isa = PBXGroup;
			children = (
				5B1544E817E764C000FE1A7B /* .htaccess */,
				5B15451A17E764C000FE1A7B /* settings.ini */,
				5B15451817E764C000FE1A7B /* index.php */,
				5B15451B17E764C000FE1A7B /* show */,
				5B1544EC17E764C000FE1A7B /* content */,
				5B4DB06917E8E71B00B52CD4 /* style */,
			);
			sourceTree = "<group>";
		};
/* End PBXGroup section */

/* Begin PBXProject section */
		5BB15B2817D7A04000F15291 /* Project object */ = {
			isa = PBXProject;
			attributes = {
				LastUpgradeCheck = 0500;
			};
			buildConfigurationList = 5BB15B2B17D7A04000F15291 /* Build configuration list for PBXProject "blogsoftware" */;
			compatibilityVersion = "Xcode 3.2";
			developmentRegion = English;
			hasScannedForEncodings = 0;
			knownRegions = (
				en,
			);
			mainGroup = 5BB15B2717D7A04000F15291;
			projectDirPath = "";
			projectRoot = "";
			targets = (
			);
		};
/* End PBXProject section */

/* Begin XCBuildConfiguration section */
		5BB15B2C17D7A04000F15291 /* Debug */ = {
			isa = XCBuildConfiguration;
			buildSettings = {
			};
			name = Debug;
		};
		5BB15B2D17D7A04000F15291 /* Release */ = {
			isa = XCBuildConfiguration;
			buildSettings = {
			};
			name = Release;
		};
/* End XCBuildConfiguration section */

/* Begin XCConfigurationList section */
		5BB15B2B17D7A04000F15291 /* Build configuration list for PBXProject "blogsoftware" */ = {
			isa = XCConfigurationList;
			buildConfigurations = (
				5BB15B2C17D7A04000F15291 /* Debug */,
				5BB15B2D17D7A04000F15291 /* Release */,
			);
			defaultConfigurationIsVisible = 0;
			defaultConfigurationName = Release;
		};
/* End XCConfigurationList section */
	};
	rootObject = 5BB15B2817D7A04000F15291 /* Project object */;
}
