// !$*UTF8*$!
{
	archiveVersion = 1;
	classes = {
	};
	objectVersion = 46;
	objects = {

/* Begin PBXGroup section */
		5BB15B2717D7A04000F15291 = {
			isa = PBXGroup;
			children = (
			);
			sourceTree = "<group>";
		};
/* End PBXGroup section */

/* Begin PBXProject section */
		5BB15B2817D7A04000F15291 /* Project object */ = {
			isa = PBXProject;
			attributes = {
				LastUpgradeCheck = 0500;
			};
			buildConfigurationList = 5BB15B2B17D7A04000F15291 /* Build configuration list for PBXProject "blogsoftware" */;
			compatibilityVersion = "Xcode 3.2";
			developmentRegion = English;
			hasScannedForEncodings = 0;
			knownRegions = (
				en,
			);
			mainGroup = 5BB15B2717D7A04000F15291;
			projectDirPath = "";
			projectRoot = "";
			targets = (
			);
		};
/* End PBXProject section */

/* Begin XCBuildConfiguration section */
		5BB15B2C17D7A04000F15291 /* Debug */ = {
			isa = XCBuildConfiguration;
			buildSettings = {
			};
			name = Debug;
		};
		5BB15B2D17D7A04000F15291 /* Release */ = {
			isa = XCBuildConfiguration;
			buildSettings = {
			};
			name = Release;
		};
/* End XCBuildConfiguration section */

/* Begin XCConfigurationList section */
		5BB15B2B17D7A04000F15291 /* Build configuration list for PBXProject "blogsoftware" */ = {
			isa = XCConfigurationList;
			buildConfigurations = (
				5BB15B2C17D7A04000F15291 /* Debug */,
				5BB15B2D17D7A04000F15291 /* Release */,
			);
			defaultConfigurationIsVisible = 0;
			defaultConfigurationName = Release;
		};
/* End XCConfigurationList section */
	};
	rootObject = 5BB15B2817D7A04000F15291 /* Project object */;
}
